{
  "lockfile-version": 1,
  "manifest": {
    "schema-version": "1.12.0",
    "install": {
      "deno": {
        "pkg-path": "deno"
      }
    },
    "hook": {},
    "profile": {},
    "options": {}
  },
  "packages": [
    {
      "attr_path": "deno",
      "broken": false,
      "derivation": "/nix/store/xpnxyrnkrs12dkvcilfm2v3mpw2ib4rw-deno-2.8.3.drv",
      "description": "Secure runtime for JavaScript and TypeScript",
      "install_id": "deno",
      "license": "MIT",
      "locked_url": "https://github.com/flox/nixpkgs?rev=d407951447dcd00442e97087bf374aad70c04cea",
      "name": "deno-2.8.3",
      "pname": "deno",
      "rev": "d407951447dcd00442e97087bf374aad70c04cea",
      "rev_count": 1027867,
      "rev_date": "2026-07-05T04:06:12Z",
      "scrape_date": "2026-07-06T03:12:55.432766Z",
      "stabilities": [
        "staging",
        "unstable"
      ],
      "unfree": false,
      "version": "2.8.3",
      "outputs_to_install": [
        "out"
      ],
      "outputs": {
        "denort": "/nix/store/5ncpxa4d7bn5zn33c1n4qxryhncgbwh0-deno-2.8.3-denort",
        "out": "/nix/store/zq1cxx67gva9baj53yf8is0yjmpcj371-deno-2.8.3"
      },
      "system": "aarch64-darwin",
      "group": "toplevel",
      "priority": 5
    },
    {
      "attr_path": "deno",
      "broken": false,
      "derivation": "/nix/store/y0vvc0cd38778hbf0ywncxhrss1x6zip-deno-2.8.3.drv",
      "description": "Secure runtime for JavaScript and TypeScript",
      "install_id": "deno",
      "license": "MIT",
      "locked_url": "https://github.com/flox/nixpkgs?rev=d407951447dcd00442e97087bf374aad70c04cea",
      "name": "deno-2.8.3",
      "pname": "deno",
      "rev": "d407951447dcd00442e97087bf374aad70c04cea",
      "rev_count": 1027867,
      "rev_date": "2026-07-05T04:06:12Z",
      "scrape_date": "2026-07-06T03:41:22.126765Z",
      "stabilities": [
        "staging",
        "unstable"
      ],
      "unfree": false,
      "version": "2.8.3",
      "outputs_to_install": [
        "out"
      ],
      "outputs": {
        "denort": "/nix/store/wh5i15db84ih5ig8m8ljcv8q4k46gpww-deno-2.8.3-denort",
        "out": "/nix/store/g90vsyh5mh7m7yaaw3vhwrzxmw7q0h1y-deno-2.8.3"
      },
      "system": "aarch64-linux",
      "group": "toplevel",
      "priority": 5
    },
    {
      "attr_path": "deno",
      "broken": false,
      "derivation": "/nix/store/kfyb8yprsacv0mwzi2syki6avgwhjqzs-deno-2.8.3.drv",
      "description": "Secure runtime for JavaScript and TypeScript",
      "install_id": "deno",
      "license": "MIT",
      "locked_url": "https://github.com/flox/nixpkgs?rev=d407951447dcd00442e97087bf374aad70c04cea",
      "name": "deno-2.8.3",
      "pname": "deno",
      "rev": "d407951447dcd00442e97087bf374aad70c04cea",
      "rev_count": 1027867,
      "rev_date": "2026-07-05T04:06:12Z",
      "scrape_date": "2026-07-06T04:09:00.802443Z",
      "stabilities": [
        "staging",
        "unstable"
      ],
      "unfree": false,
      "version": "2.8.3",
      "outputs_to_install": [
        "out"
      ],
      "outputs": {
        "denort": "/nix/store/ghijk6dx8dsm4s56qdr5f5vfxaacl8dw-deno-2.8.3-denort",
        "out": "/nix/store/3mvc0dm4lkas8a9sxngabyd74hkba5dg-deno-2.8.3"
      },
      "system": "x86_64-darwin",
      "group": "toplevel",
      "priority": 5
    },
    {
      "attr_path": "deno",
      "broken": false,
      "derivation": "/nix/store/2crm2nakkbbaxrkcr190dkpzjbzjldyd-deno-2.8.3.drv",
      "description": "Secure runtime for JavaScript and TypeScript",
      "install_id": "deno",
      "license": "MIT",
      "locked_url": "https://github.com/flox/nixpkgs?rev=d407951447dcd00442e97087bf374aad70c04cea",
      "name": "deno-2.8.3",
      "pname": "deno",
      "rev": "d407951447dcd00442e97087bf374aad70c04cea",
      "rev_count": 1027867,
      "rev_date": "2026-07-05T04:06:12Z",
      "scrape_date": "2026-07-06T04:40:24.805539Z",
      "stabilities": [
        "staging",
        "unstable"
      ],
      "unfree": false,
      "version": "2.8.3",
      "outputs_to_install": [
        "out"
      ],
      "outputs": {
        "denort": "/nix/store/hykbc8gsraqslf7n3lh9p9562k0p96iv-deno-2.8.3-denort",
        "out": "/nix/store/kms7faqqhch9njpyixcci2k501pdvj0w-deno-2.8.3"
      },
      "system": "x86_64-linux",
      "group": "toplevel",
      "priority": 5
    }
  ]
}
